
Microsoft Visual Studio Solution File, Format Version 12.00
# Visual Studio 2013
VisualStudioVersion = 12.0.40629.0
MinimumVisualStudioVersion = 10.0.40219.1
Project("{FAE04EC0-301F-11D3-BF4B-00C04F79EFBC}") = "XXIV.ServiceWindow", "XXIV.ServiceWindow\XXIV.ServiceWindow.csproj", "{692ECB22-7798-48FC-89D8-3DFA2636A7C7}"
EndProject
Project("{FAE04EC0-301F-11D3-BF4B-00C04F79EFBC}") = "XXIV.WPF", "XXIV.WPF\XXIV.WPF.csproj", "{4CAB792D-A74E-4531-8F66-29B0776A3653}"
EndProject
Project("{FAE04EC0-301F-11D3-BF4B-00C04F79EFBC}") = "XXIV.Common", "XXIV.Common\XXIV.Common.csproj", "{C4FE4A81-E694-41EB-B163-277DA8551C86}"
EndProject
Project("{2150E333-8FDC-42A3-9474-1A3956D46DE8}") = "Server", "Server", "{8A6F3BDB-32D5-49A8-B145-7A3FC0A35FD4}"
EndProject
Project("{2150E333-8FDC-42A3-9474-1A3956D46DE8}") = "Web", "Web", "{217298D7-EA42-4F07-9870-F3334BEBAFA7}"
EndProject
Project("{2150E333-8FDC-42A3-9474-1A3956D46DE8}") = "Client", "Client", "{BB2026D9-22A6-43CE-880E-3D99F3DC372F}"
EndProject
Project("{2150E333-8FDC-42A3-9474-1A3956D46DE8}") = "Common", "Common", "{35D3C047-7A8A-40B6-A3C6-C103AAF36551}"
EndProject
Project("{FAE04EC0-301F-11D3-BF4B-00C04F79EFBC}") = "XXIV.Web", "XXIV.Web\XXIV.Web.csproj", "{7FE9FDDA-5DBF-4D4B-9684-B8180AB85D2A}"
EndProject
Project("{FAE04EC0-301F-11D3-BF4B-00C04F79EFBC}") = "XXIV.Server", "XXIV.Server\XXIV.Server.csproj", "{3EBF5F3C-50A0-4AEC-A754-39FF502DEA3C}"
EndProject
Global
	GlobalSection(SolutionConfigurationPlatforms) = preSolution
		Debug|Any CPU = Debug|Any CPU
		Release|Any CPU = Release|Any CPU
	EndGlobalSection
	GlobalSection(ProjectConfigurationPlatforms) = postSolution
		{692ECB22-7798-48FC-89D8-3DFA2636A7C7}.Debug|Any CPU.ActiveCfg = Debug|Any CPU
		{692ECB22-7798-48FC-89D8-3DFA2636A7C7}.Debug|Any CPU.Build.0 = Debug|Any CPU
		{692ECB22-7798-48FC-89D8-3DFA2636A7C7}.Release|Any CPU.ActiveCfg = Release|Any CPU
		{692ECB22-7798-48FC-89D8-3DFA2636A7C7}.Release|Any CPU.Build.0 = Release|Any CPU
		{4CAB792D-A74E-4531-8F66-29B0776A3653}.Debug|Any CPU.ActiveCfg = Debug|Any CPU
		{4CAB792D-A74E-4531-8F66-29B0776A3653}.Debug|Any CPU.Build.0 = Debug|Any CPU
		{4CAB792D-A74E-4531-8F66-29B0776A3653}.Release|Any CPU.ActiveCfg = Release|Any CPU
		{4CAB792D-A74E-4531-8F66-29B0776A3653}.Release|Any CPU.Build.0 = Release|Any CPU
		{C4FE4A81-E694-41EB-B163-277DA8551C86}.Debug|Any CPU.ActiveCfg = Debug|Any CPU
		{C4FE4A81-E694-41EB-B163-277DA8551C86}.Debug|Any CPU.Build.0 = Debug|Any CPU
		{C4FE4A81-E694-41EB-B163-277DA8551C86}.Release|Any CPU.ActiveCfg = Release|Any CPU
		{C4FE4A81-E694-41EB-B163-277DA8551C86}.Release|Any CPU.Build.0 = Release|Any CPU
		{7FE9FDDA-5DBF-4D4B-9684-B8180AB85D2A}.Debug|Any CPU.ActiveCfg = Debug|Any CPU
		{7FE9FDDA-5DBF-4D4B-9684-B8180AB85D2A}.Debug|Any CPU.Build.0 = Debug|Any CPU
		{7FE9FDDA-5DBF-4D4B-9684-B8180AB85D2A}.Release|Any CPU.ActiveCfg = Release|Any CPU
		{7FE9FDDA-5DBF-4D4B-9684-B8180AB85D2A}.Release|Any CPU.Build.0 = Release|Any CPU
		{3EBF5F3C-50A0-4AEC-A754-39FF502DEA3C}.Debug|Any CPU.ActiveCfg = Debug|Any CPU
		{3EBF5F3C-50A0-4AEC-A754-39FF502DEA3C}.Debug|Any CPU.Build.0 = Debug|Any CPU
		{3EBF5F3C-50A0-4AEC-A754-39FF502DEA3C}.Release|Any CPU.ActiveCfg = Release|Any CPU
		{3EBF5F3C-50A0-4AEC-A754-39FF502DEA3C}.Release|Any CPU.Build.0 = Release|Any CPU
	EndGlobalSection
	GlobalSection(SolutionProperties) = preSolution
		HideSolutionNode = FALSE
	EndGlobalSection
	GlobalSection(NestedProjects) = preSolution
		{692ECB22-7798-48FC-89D8-3DFA2636A7C7} = {8A6F3BDB-32D5-49A8-B145-7A3FC0A35FD4}
		{4CAB792D-A74E-4531-8F66-29B0776A3653} = {BB2026D9-22A6-43CE-880E-3D99F3DC372F}
		{C4FE4A81-E694-41EB-B163-277DA8551C86} = {35D3C047-7A8A-40B6-A3C6-C103AAF36551}
		{7FE9FDDA-5DBF-4D4B-9684-B8180AB85D2A} = {217298D7-EA42-4F07-9870-F3334BEBAFA7}
		{3EBF5F3C-50A0-4AEC-A754-39FF502DEA3C} = {35D3C047-7A8A-40B6-A3C6-C103AAF36551}
	EndGlobalSection
EndGlobal
